// !$*UTF8*$!
{
	archiveVersion = 1;
	classes = {
	};
	objectVersion = 52;
	objects = {

/* Begin PBXBuildFile section */
		BF5D506C263F47D300F455CC /* RadarMapApp.swift in Sources */ = {isa = PBXBuildFile; fileRef = BF5D506B263F47D300F455CC /* RadarMapApp.swift */; };
		BF5D506E263F47D300F455CC /* ContentView.swift in Sources */ = {isa = PBXBuildFile; fileRef = BF5D506D263F47D300F455CC /* ContentView.swift */; };
		BF5D5070263F47D400F455CC /* Assets.xcassets in Resources */ = {isa = PBXBuildFile; fileRef = BF5D506F263F47D400F455CC /* Assets.xcassets */; };
		BF5D5073263F47D400F455CC /* Preview Assets.xcassets in Resources */ = {isa = PBXBuildFile; fileRef = BF5D5072263F47D400F455CC /* Preview Assets.xcassets */; };
		BF5D507B263F47EA00F455CC /* RadarView.swift in Sources */ = {isa = PBXBuildFile; fileRef = BF5D507A263F47EA00F455CC /* RadarView.swift */; };
		BF5D507D263F483C00F455CC /* RadarOverlay.swift in Sources */ = {isa = PBXBuildFile; fileRef = BF5D507C263F483C00F455CC /* RadarOverlay.swift */; };
		BF5D5080263F493200F455CC /* SwiftSoup in Frameworks */ = {isa = PBXBuildFile; productRef = BF5D507F263F493200F455CC /* SwiftSoup */; };
/* End PBXBuildFile section */

/* Begin PBXFileReference section */
		BF5D5068263F47D300F455CC /* RadarMap.app */ = {isa = PBXFileReference; explicitFileType = wrapper.application; includeInIndex = 0; path = RadarMap.app; sourceTree = BUILT_PRODUCTS_DIR; };
		BF5D506B263F47D300F455CC /* RadarMapApp.swift */ = {isa = PBXFileReference; lastKnownFileType = sourcecode.swift; path = RadarMapApp.swift; sourceTree = "<group>"; };
		BF5D506D263F47D300F455CC /* ContentView.swift */ = {isa = PBXFileReference; lastKnownFileType = sourcecode.swift; path = ContentView.swift; sourceTree = "<group>"; };
		BF5D506F263F47D400F455CC /* Assets.xcassets */ = {isa = PBXFileReference; lastKnownFileType = folder.assetcatalog; path = Assets.xcassets; sourceTree = "<group>"; };
		BF5D5072263F47D400F455CC /* Preview Assets.xcassets */ = {isa = PBXFileReference; lastKnownFileType = folder.assetcatalog; path = "Preview Assets.xcassets"; sourceTree = "<group>"; };
		BF5D5074263F47D400F455CC /* Info.plist */ = {isa = PBXFileReference; lastKnownFileType = text.plist.xml; path = Info.plist; sourceTree = "<group>"; };
		BF5D507A263F47EA00F455CC /* RadarView.swift */ = {isa = PBXFileReference; lastKnownFileType = sourcecode.swift; path = RadarView.swift; sourceTree = "<group>"; };
		BF5D507C263F483C00F455CC /* RadarOverlay.swift */ = {isa = PBXFileReference; lastKnownFileType = sourcecode.swift; path = RadarOverlay.swift; sourceTree = "<group>"; };
/* End PBXFileReference section */

/* Begin PBXFrameworksBuildPhase section */
		BF5D5065263F47D300F455CC /* Frameworks */ = {
			isa = PBXFrameworksBuildPhase;
			buildActionMask = 2147483647;
			files = (
				BF5D5080263F493200F455CC /* SwiftSoup in Frameworks */,
			);
			runOnlyForDeploymentPostprocessing = 0;
		};
/* End PBXFrameworksBuildPhase section */

/* Begin PBXGroup section */
		BF5D505F263F47D300F455CC = {
			isa = PBXGroup;
			children = (
				BF5D506A263F47D300F455CC /* RadarMap */,
				BF5D5069263F47D300F455CC /* Products */,
			);
			sourceTree = "<group>";
		};
		BF5D5069263F47D300F455CC /* Products */ = {
			isa = PBXGroup;
			children = (
				BF5D5068263F47D300F455CC /* RadarMap.app */,
			);
			name = Products;
			sourceTree = "<group>";
		};
		BF5D506A263F47D300F455CC /* RadarMap */ = {
			isa = PBXGroup;
			children = (
				BF5D506B263F47D300F455CC /* RadarMapApp.swift */,
				BF5D506D263F47D300F455CC /* ContentView.swift */,
				BF5D507A263F47EA00F455CC /* RadarView.swift */,
				BF5D507C263F483C00F455CC /* RadarOverlay.swift */,
				BF5D506F263F47D400F455CC /* Assets.xcassets */,
				BF5D5074263F47D400F455CC /* Info.plist */,
				BF5D5071263F47D400F455CC /* Preview Content */,
			);
			path = RadarMap;
			sourceTree = "<group>";
		};
		BF5D5071263F47D400F455CC /* Preview Content */ = {
			isa = PBXGroup;
			children = (
				BF5D5072263F47D400F455CC /* Preview Assets.xcassets */,
			);
			path = "Preview Content";
			sourceTree = "<group>";
		};
/* End PBXGroup section */

/* Begin PBXNativeTarget section */
		BF5D5067263F47D300F455CC /* RadarMap */ = {
			isa = PBXNativeTarget;
			buildConfigurationList = BF5D5077263F47D400F455CC /* Build configuration list for PBXNativeTarget "RadarMap" */;
			buildPhases = (
				BF5D5064263F47D300F455CC /* Sources */,
				BF5D5065263F47D300F455CC /* Frameworks */,
				BF5D5066263F47D300F455CC /* Resources */,
			);
			buildRules = (
			);
			dependencies = (
			);
			name = RadarMap;
			packageProductDependencies = (
				BF5D507F263F493200F455CC /* SwiftSoup */,
			);
			productName = RadarMap;
			productReference = BF5D5068263F47D300F455CC /* RadarMap.app */;
			productType = "com.apple.product-type.application";
		};
/* End PBXNativeTarget section */

/* Begin PBXProject section */
		BF5D5060263F47D300F455CC /* Project object */ = {
			isa = PBXProject;
			attributes = {
				LastSwiftUpdateCheck = 1250;
				LastUpgradeCheck = 1250;
				TargetAttributes = {
					BF5D5067263F47D300F455CC = {
						CreatedOnToolsVersion = 12.5;
					};
				};
			};
			buildConfigurationList = BF5D5063263F47D300F455CC /* Build configuration list for PBXProject "RadarMap" */;
			compatibilityVersion = "Xcode 9.3";
			developmentRegion = en;
			hasScannedForEncodings = 0;
			knownRegions = (
				en,
				Base,
			);
			mainGroup = BF5D505F263F47D300F455CC;
			packageReferences = (
				BF5D507E263F493200F455CC /* XCRemoteSwiftPackageReference "SwiftSoup" */,
			);
			productRefGroup = BF5D5069263F47D300F455CC /* Products */;
			projectDirPath = "";
			projectRoot = "";
			targets = (
				BF5D5067263F47D300F455CC /* RadarMap */,
			);
		};
/* End PBXProject section */

/* Begin PBXResourcesBuildPhase section */
		BF5D5066263F47D300F455CC /* Resources */ = {
			isa = PBXResourcesBuildPhase;
			buildActionMask = 2147483647;
			files = (
				BF5D5073263F47D400F455CC /* Preview Assets.xcassets in Resources */,
				BF5D5070263F47D400F455CC /* Assets.xcassets in Resources */,
			);
			runOnlyForDeploymentPostprocessing = 0;
		};
/* End PBXResourcesBuildPhase section */

/* Begin PBXSourcesBuildPhase section */
		BF5D5064263F47D300F455CC /* Sources */ = {
			isa = PBXSourcesBuildPhase;
			buildActionMask = 2147483647;
			files = (
				BF5D506E263F47D300F455CC /* ContentView.swift in Sources */,
				BF5D507D263F483C00F455CC /* RadarOverlay.swift in Sources */,
				BF5D507B263F47EA00F455CC /* RadarView.swift in Sources */,
				BF5D506C263F47D300F455CC /* RadarMapApp.swift in Sources */,
			);
			runOnlyForDeploymentPostprocessing = 0;
		};
/* End PBXSourcesBuildPhase section */

/* Begin XCBuildConfiguration section */
		BF5D5075263F47D400F455CC /* Debug */ = {
			isa = XCBuildConfiguration;
			buildSettings = {
				ALWAYS_SEARCH_USER_PATHS = NO;
				CLANG_ANALYZER_NONNULL = YES;
				CLANG_ANALYZER_NUMBER_OBJECT_CONVERSION = YES_AGGRESSIVE;
				CLANG_CXX_LANGUAGE_STANDARD = "gnu++14";
				CLANG_CXX_LIBRARY = "libc++";
				CLANG_ENABLE_MODULES = YES;
				CLANG_ENABLE_OBJC_ARC = YES;
				CLANG_ENABLE_OBJC_WEAK = YES;
				CLANG_WARN_BLOCK_CAPTURE_AUTORELEASING = YES;
				CLANG_WARN_BOOL_CONVERSION = YES;
				CLANG_WARN_COMMA = YES;
				CLANG_WARN_CONSTANT_CONVERSION = YES;
				CLANG_WARN_DEPRECATED_OBJC_IMPLEMENTATIONS = YES;
				CLANG_WARN_DIRECT_OBJC_ISA_USAGE = YES_ERROR;
				CLANG_WARN_DOCUMENTATION_COMMENTS = YES;
				CLANG_WARN_EMPTY_BODY = YES;
				CLANG_WARN_ENUM_CONVERSION = YES;
				CLANG_WARN_INFINITE_RECURSION = YES;
				CLANG_WARN_INT_CONVERSION = YES;
				CLANG_WARN_NON_LITERAL_NULL_CONVERSION = YES;
				CLANG_WARN_OBJC_IMPLICIT_RETAIN_SELF = YES;
				CLANG_WARN_OBJC_LITERAL_CONVERSION = YES;
				CLANG_WARN_OBJC_ROOT_CLASS = YES_ERROR;
				CLANG_WARN_QUOTED_INCLUDE_IN_FRAMEWORK_HEADER = YES;
				CLANG_WARN_RANGE_LOOP_ANALYSIS = YES;
				CLANG_WARN_STRICT_PROTOTYPES = YES;
				CLANG_WARN_SUSPICIOUS_MOVE = YES;
				CLANG_WARN_UNGUARDED_AVAILABILITY = YES_AGGRESSIVE;
				CLANG_WARN_UNREACHABLE_CODE = YES;
				CLANG_WARN__DUPLICATE_METHOD_MATCH = YES;
				COPY_PHASE_STRIP = NO;
				DEBUG_INFORMATION_FORMAT = dwarf;
				ENABLE_STRICT_OBJC_MSGSEND = YES;
				ENABLE_TESTABILITY = YES;
				GCC_C_LANGUAGE_STANDARD = gnu11;
				GCC_DYNAMIC_NO_PIC = NO;
				GCC_NO_COMMON_BLOCKS = YES;
				GCC_OPTIMIZATION_LEVEL = 0;
				GCC_PREPROCESSOR_DEFINITIONS = (
					"DEBUG=1",
					"$(inherited)",
				);
				GCC_WARN_64_TO_32_BIT_CONVERSION = YES;
				GCC_WARN_ABOUT_RETURN_TYPE = YES_ERROR;
				GCC_WARN_UNDECLARED_SELECTOR = YES;
				GCC_WARN_UNINITIALIZED_AUTOS = YES_AGGRESSIVE;
				GCC_WARN_UNUSED_FUNCTION = YES;
				GCC_WARN_UNUSED_VARIABLE = YES;
				IPHONEOS_DEPLOYMENT_TARGET = 14.5;
				MTL_ENABLE_DEBUG_INFO = INCLUDE_SOURCE;
				MTL_FAST_MATH = YES;
				ONLY_ACTIVE_ARCH = YES;
				SDKROOT = iphoneos;
				SWIFT_ACTIVE_COMPILATION_CONDITIONS = DEBUG;
				SWIFT_OPTIMIZATION_LEVEL = "-Onone";
			};
			name = Debug;
		};
		BF5D5076263F47D400F455CC /* Release */ = {
			isa = XCBuildConfiguration;
			buildSettings = {
				ALWAYS_SEARCH_USER_PATHS = NO;
				CLANG_ANALYZER_NONNULL = YES;
				CLANG_ANALYZER_NUMBER_OBJECT_CONVERSION = YES_AGGRESSIVE;
				CLANG_CXX_LANGUAGE_STANDARD = "gnu++14";
				CLANG_CXX_LIBRARY = "libc++";
				CLANG_ENABLE_MODULES = YES;
				CLANG_ENABLE_OBJC_ARC = YES;
				CLANG_ENABLE_OBJC_WEAK = YES;
				CLANG_WARN_BLOCK_CAPTURE_AUTORELEASING = YES;
				CLANG_WARN_BOOL_CONVERSION = YES;
				CLANG_WARN_COMMA = YES;
				CLANG_WARN_CONSTANT_CONVERSION = YES;
				CLANG_WARN_DEPRECATED_OBJC_IMPLEMENTATIONS = YES;
				CLANG_WARN_DIRECT_OBJC_ISA_USAGE = YES_ERROR;
				CLANG_WARN_DOCUMENTATION_COMMENTS = YES;
				CLANG_WARN_EMPTY_BODY = YES;
				CLANG_WARN_ENUM_CONVERSION = YES;
				CLANG_WARN_INFINITE_RECURSION = YES;
				CLANG_WARN_INT_CONVERSION = YES;
				CLANG_WARN_NON_LITERAL_NULL_CONVERSION = YES;
				CLANG_WARN_OBJC_IMPLICIT_RETAIN_SELF = YES;
				CLANG_WARN_OBJC_LITERAL_CONVERSION = YES;
				CLANG_WARN_OBJC_ROOT_CLASS = YES_ERROR;
				CLANG_WARN_QUOTED_INCLUDE_IN_FRAMEWORK_HEADER = YES;
				CLANG_WARN_RANGE_LOOP_ANALYSIS = YES;
				CLANG_WARN_STRICT_PROTOTYPES = YES;
				CLANG_WARN_SUSPICIOUS_MOVE = YES;
				CLANG_WARN_UNGUARDED_AVAILABILITY = YES_AGGRESSIVE;
				CLANG_WARN_UNREACHABLE_CODE = YES;
				CLANG_WARN__DUPLICATE_METHOD_MATCH = YES;
				COPY_PHASE_STRIP = NO;
				DEBUG_INFORMATION_FORMAT = "dwarf-with-dsym";
				ENABLE_NS_ASSERTIONS = NO;
				ENABLE_STRICT_OBJC_MSGSEND = YES;
				GCC_C_LANGUAGE_STANDARD = gnu11;
				GCC_NO_COMMON_BLOCKS = YES;
				GCC_WARN_64_TO_32_BIT_CONVERSION = YES;
				GCC_WARN_ABOUT_RETURN_TYPE = YES_ERROR;
				GCC_WARN_UNDECLARED_SELECTOR = YES;
				GCC_WARN_UNINITIALIZED_AUTOS = YES_AGGRESSIVE;
				GCC_WARN_UNUSED_FUNCTION = YES;
				GCC_WARN_UNUSED_VARIABLE = YES;
				IPHONEOS_DEPLOYMENT_TARGET = 14.5;
				MTL_ENABLE_DEBUG_INFO = NO;
				MTL_FAST_MATH = YES;
				SDKROOT = iphoneos;
				SWIFT_COMPILATION_MODE = wholemodule;
				SWIFT_OPTIMIZATION_LEVEL = "-O";
				VALIDATE_PRODUCT = YES;
			};
			name = Release;
		};
		BF5D5078263F47D400F455CC /* Debug */ = {
			isa = XCBuildConfiguration;
			buildSettings = {
				ASSETCATALOG_COMPILER_APPICON_NAME = AppIcon;
				ASSETCATALOG_COMPILER_GLOBAL_ACCENT_COLOR_NAME = AccentColor;
				CODE_SIGN_STYLE = Automatic;
				DEVELOPMENT_ASSET_PATHS = "\"RadarMap/Preview Content\"";
				DEVELOPMENT_TEAM = 57HNPZHZ4L;
				ENABLE_PREVIEWS = YES;
				INFOPLIST_FILE = RadarMap/Info.plist;
				IPHONEOS_DEPLOYMENT_TARGET = 14.0;
				LD_RUNPATH_SEARCH_PATHS = (
					"$(inherited)",
					"@executable_path/Frameworks",
				);
				PRODUCT_BUNDLE_IDENTIFIER = com.okwxblog.RadarMap;
				PRODUCT_NAME = "$(TARGET_NAME)";
				SWIFT_VERSION = 5.0;
				TARGETED_DEVICE_FAMILY = "1,2";
			};
			name = Debug;
		};
		BF5D5079263F47D400F455CC /* Release */ = {
			isa = XCBuildConfiguration;
			buildSettings = {
				ASSETCATALOG_COMPILER_APPICON_NAME = AppIcon;
				ASSETCATALOG_COMPILER_GLOBAL_ACCENT_COLOR_NAME = AccentColor;
				CODE_SIGN_STYLE = Automatic;
				DEVELOPMENT_ASSET_PATHS = "\"RadarMap/Preview Content\"";
				DEVELOPMENT_TEAM = 57HNPZHZ4L;
				ENABLE_PREVIEWS = YES;
				INFOPLIST_FILE = RadarMap/Info.plist;
				IPHONEOS_DEPLOYMENT_TARGET = 14.0;
				LD_RUNPATH_SEARCH_PATHS = (
					"$(inherited)",
					"@executable_path/Frameworks",
				);
				PRODUCT_BUNDLE_IDENTIFIER = com.okwxblog.RadarMap;
				PRODUCT_NAME = "$(TARGET_NAME)";
				SWIFT_VERSION = 5.0;
				TARGETED_DEVICE_FAMILY = "1,2";
			};
			name = Release;
		};
/* End XCBuildConfiguration section */

/* Begin XCConfigurationList section */
		BF5D5063263F47D300F455CC /* Build configuration list for PBXProject "RadarMap" */ = {
			isa = XCConfigurationList;
			buildConfigurations = (
				BF5D5075263F47D400F455CC /* Debug */,
				BF5D5076263F47D400F455CC /* Release */,
			);
			defaultConfigurationIsVisible = 0;
			defaultConfigurationName = Release;
		};
		BF5D5077263F47D400F455CC /* Build configuration list for PBXNativeTarget "RadarMap" */ = {
			isa = XCConfigurationList;
			buildConfigurations = (
				BF5D5078263F47D400F455CC /* Debug */,
				BF5D5079263F47D400F455CC /* Release */,
			);
			defaultConfigurationIsVisible = 0;
			defaultConfigurationName = Release;
		};
/* End XCConfigurationList section */

/* Begin XCRemoteSwiftPackageReference section */
		BF5D507E263F493200F455CC /* XCRemoteSwiftPackageReference "SwiftSoup" */ = {
			isa = XCRemoteSwiftPackageReference;
			repositoryURL = "https://github.com/scinfu/SwiftSoup.git";
			requirement = {
				kind = upToNextMajorVersion;
				minimumVersion = 2.3.2;
			};
		};
/* End XCRemoteSwiftPackageReference section */

/* Begin XCSwiftPackageProductDependency section */
		BF5D507F263F493200F455CC /* SwiftSoup */ = {
			isa = XCSwiftPackageProductDependency;
			package = BF5D507E263F493200F455CC /* XCRemoteSwiftPackageReference "SwiftSoup" */;
			productName = SwiftSoup;
		};
/* End XCSwiftPackageProductDependency section */
	};
	rootObject = BF5D5060263F47D300F455CC /* Project object */;
}
